
Microsoft Visual Studio Solution File, Format Version 12.00
# Visual Studio Version 17
VisualStudioVersion = 17.5.33502.453
MinimumVisualStudioVersion = 10.0.40219.1
Project("{FAE04EC0-301F-11D3-BF4B-00C04F79EFBC}") = "HotelApp Mvc", "HotelApp Mvc\HotelApp Mvc.csproj", "{3260CA2E-4061-44DC-B915-D28B7F28C0C3}"
EndProject
Global
	GlobalSection(SolutionConfigurationPlatforms) = preSolution
		Debug|Any CPU = Debug|Any CPU
		Release|Any CPU = Release|Any CPU
	EndGlobalSection
	GlobalSection(ProjectConfigurationPlatforms) = postSolution
		{3260CA2E-4061-44DC-B915-D28B7F28C0C3}.Debug|Any CPU.ActiveCfg = Debug|Any CPU
		{3260CA2E-4061-44DC-B915-D28B7F28C0C3}.Debug|Any CPU.Build.0 = Debug|Any CPU
		{3260CA2E-4061-44DC-B915-D28B7F28C0C3}.Release|Any CPU.ActiveCfg = Release|Any CPU
		{3260CA2E-4061-44DC-B915-D28B7F28C0C3}.Release|Any CPU.Build.0 = Release|Any CPU
	EndGlobalSection
	GlobalSection(SolutionProperties) = preSolution
		HideSolutionNode = FALSE
	EndGlobalSection
	GlobalSection(ExtensibilityGlobals) = postSolution
		SolutionGuid = {B2A32CCA-2274-4BC2-91A0-A60FD57FC585}
	EndGlobalSection
EndGlobal
